
Microsoft Visual Studio Solution File, Format Version 12.00
# Visual Studio Version 17
VisualStudioVersion = 17.0.31717.71
MinimumVisualStudioVersion = 10.0.40219.1
Project("{15B490CA-FAAA-4ABC-A14A-AFA5BC9B2934}") = "MudMyFavoriteApp.Server", "Server\MudMyFavoriteApp.Server.csproj", "{C808F89A-95E3-4874-B4C3-0A693F0BCE6F}"
EndProject
Project("{15B490CA-FAAA-4ABC-A14A-AFA5BC9B2934}") = "MudMyFavoriteApp.Client", "Client\MudMyFavoriteApp.Client.csproj", "{0FE161DC-C82E-41DA-9671-F4D972231E46}"
EndProject
Project("{15B490CA-FAAA-4ABC-A14A-AFA5BC9B2934}") = "MudMyFavoriteApp.Shared", "Shared\MudMyFavoriteApp.Shared.csproj", "{E69CB74F-3D6C-4079-BDDF-A4EFB8691E20}"
EndProject
Global
	GlobalSection(SolutionConfigurationPlatforms) = preSolution
		Debug|Any CPU = Debug|Any CPU
		Release|Any CPU = Release|Any CPU
	EndGlobalSection
	GlobalSection(ProjectConfigurationPlatforms) = postSolution
		{C808F89A-95E3-4874-B4C3-0A693F0BCE6F}.Debug|Any CPU.ActiveCfg = Debug|Any CPU
		{C808F89A-95E3-4874-B4C3-0A693F0BCE6F}.Debug|Any CPU.Build.0 = Debug|Any CPU
		{C808F89A-95E3-4874-B4C3-0A693F0BCE6F}.Release|Any CPU.ActiveCfg = Release|Any CPU
		{C808F89A-95E3-4874-B4C3-0A693F0BCE6F}.Release|Any CPU.Build.0 = Release|Any CPU
		{0FE161DC-C82E-41DA-9671-F4D972231E46}.Debug|Any CPU.ActiveCfg = Debug|Any CPU
		{0FE161DC-C82E-41DA-9671-F4D972231E46}.Debug|Any CPU.Build.0 = Debug|Any CPU
		{0FE161DC-C82E-41DA-9671-F4D972231E46}.Release|Any CPU.ActiveCfg = Release|Any CPU
		{0FE161DC-C82E-41DA-9671-F4D972231E46}.Release|Any CPU.Build.0 = Release|Any CPU
		{E69CB74F-3D6C-4079-BDDF-A4EFB8691E20}.Debug|Any CPU.ActiveCfg = Debug|Any CPU
		{E69CB74F-3D6C-4079-BDDF-A4EFB8691E20}.Debug|Any CPU.Build.0 = Debug|Any CPU
		{E69CB74F-3D6C-4079-BDDF-A4EFB8691E20}.Release|Any CPU.ActiveCfg = Release|Any CPU
		{E69CB74F-3D6C-4079-BDDF-A4EFB8691E20}.Release|Any CPU.Build.0 = Release|Any CPU
	EndGlobalSection
	GlobalSection(SolutionProperties) = preSolution
		HideSolutionNode = FALSE
	EndGlobalSection
	GlobalSection(ExtensibilityGlobals) = postSolution
		SolutionGuid = {89D10F2A-98F9-45EB-AD4D-86367B5980EC}
	EndGlobalSection
EndGlobal